{
  "name": "openactiondata-processing",
  "version": "1.0.0",
  "lockfileVersion": 2,
  "requires": true,
  "packages": {
    "": {
      "name": "openactiondata-processing",
      "version": "1.0.0",
      "license": "ISC",
      "dependencies": {
        "rrdom-nodejs": "^0.1.7",
        "rrweb": "^2.0.0-alpha.4",
        "rrweb-snapshot": "^2.0.0-alpha.6"
      }
    },
    "node_modules/@rrweb/types": {
      "version": "2.0.0-alpha.6",
      "resolved": "https://registry.npmjs.org/@rrweb/types/-/types-2.0.0-alpha.6.tgz",
      "integrity": "sha512-c7Adw44pNkNsE9wkBPrONaLS9fq2WtWAMFks9+6SjOLaRv+d6Iu7/6RNBokESHQkvaj1fZ8nPqxT9GjfQ5TMyQ==",
      "dependencies": {
        "rrweb-snapshot": "^2.0.0-alpha.6"
      }
    },
    "node_modules/@types/css-font-loading-module": {
      "version": "0.0.7",
      "resolved": "https://registry.npmjs.org/@types/css-font-loading-module/-/css-font-loading-module-0.0.7.tgz",
      "integrity": "sha512-nl09VhutdjINdWyXxHWN/w9zlNCfr60JUqJbd24YXUuCwgeL0TpFSdElCwb6cxfB6ybE19Gjj4g0jsgkXxKv1Q=="
    },
    "node_modules/@xstate/fsm": {
      "version": "1.6.5",
      "resolved": "https://registry.npmjs.org/@xstate/fsm/-/fsm-1.6.5.tgz",
      "integrity": "sha512-b5o1I6aLNeYlU/3CPlj/Z91ybk1gUsKT+5NAJI+2W4UjvS5KLG28K9v5UvNoFVjHV8PajVZ00RH3vnjyQO7ZAw=="
    },
    "node_modules/base64-arraybuffer": {
      "version": "1.0.2",
      "resolved": "https://registry.npmjs.org/base64-arraybuffer/-/base64-arraybuffer-1.0.2.tgz",
      "integrity": "sha512-I3yl4r9QB5ZRY3XuJVEPfc2XhZO6YweFPI+UovAzn+8/hb3oJ6lnysaFcjVpkCPfVWFUDvoZ8kmVDP7WyRtYtQ==",
      "engines": {
        "node": ">= 0.6.0"
      }
    },
    "node_modules/cssom": {
      "version": "0.5.0",
      "resolved": "https://registry.npmjs.org/cssom/-/cssom-0.5.0.tgz",
      "integrity": "sha512-iKuQcq+NdHqlAcwUY0o/HL69XQrUaQdMjmStJ8JFmUaiiQErlhrmuigkg/CU4E2J0IyUKUrMAgl36TvN67MqTw=="
    },
    "node_modules/fflate": {
      "version": "0.4.8",
      "resolved": "https://registry.npmjs.org/fflate/-/fflate-0.4.8.tgz",
      "integrity": "sha512-FJqqoDBR00Mdj9ppamLa/Y7vxm+PRmNWA67N846RvsoYVMKB4q3y/de5PA7gUmRMYK/8CMz2GDZQmCRN1wBcWA=="
    },
    "node_modules/mitt": {
      "version": "3.0.0",
      "resolved": "https://registry.npmjs.org/mitt/-/mitt-3.0.0.tgz",
      "integrity": "sha512-7dX2/10ITVyqh4aOSVI9gdape+t9l2/8QxHrFmUXu4EEUpdlxl6RudZUPZoc+zuY2hk1j7XxVroIVIan/pD/SQ=="
    },
    "node_modules/nwsapi": {
      "version": "2.2.2",
      "resolved": "https://registry.npmjs.org/nwsapi/-/nwsapi-2.2.2.tgz",
      "integrity": "sha512-90yv+6538zuvUMnN+zCr8LuV6bPFdq50304114vJYJ8RDyK8D5O9Phpbd6SZWgI7PwzmmfN1upeOJlvybDSgCw=="
    },
    "node_modules/rrdom": {
      "version": "0.1.7",
      "resolved": "https://registry.npmjs.org/rrdom/-/rrdom-0.1.7.tgz",
      "integrity": "sha512-ZLd8f14z9pUy2Hk9y636cNv5Y2BMnNEY99wxzW9tD2BLDfe1xFxtLjB4q/xCBYo6HRe0wofzKzjm4JojmpBfFw==",
      "dependencies": {
        "rrweb-snapshot": "^2.0.0-alpha.4"
      }
    },
    "node_modules/rrdom-nodejs": {
      "version": "0.1.7",
      "resolved": "https://registry.npmjs.org/rrdom-nodejs/-/rrdom-nodejs-0.1.7.tgz",
      "integrity": "sha512-KXc7PjV/ZtPYt/Ww5tz0TPl5xwf3hfgcmKVJbitEtrarBS6gEFQ3Ep0hXgqdptpRgQSLogGxMXKb5Qlag2iU4w==",
      "dependencies": {
        "cssom": "^0.5.0",
        "cssstyle": "^2.3.0",
        "nwsapi": "^2.2.0",
        "rrdom": "^0.1.7",
        "rrweb-snapshot": "^2.0.0-alpha.4"
      }
    },
    "node_modules/rrdom-nodejs/node_modules/cssstyle": {
      "version": "2.3.0",
      "resolved": "https://registry.npmjs.org/cssstyle/-/cssstyle-2.3.0.tgz",
      "integrity": "sha512-AZL67abkUzIuvcHqk7c09cezpGNcxUxU4Ioi/05xHk4DQeTkWmGYftIE6ctU6AEt+Gn4n1lDStOtj7FKycP71A==",
      "dependencies": {
        "cssom": "~0.3.6"
      },
      "engines": {
        "node": ">=8"
      }
    },
    "node_modules/rrdom-nodejs/node_modules/cssstyle/node_modules/cssom": {
      "version": "0.3.8",
      "resolved": "https://registry.npmjs.org/cssom/-/cssom-0.3.8.tgz",
      "integrity": "sha512-b0tGHbfegbhPJpxpiBPU2sCkigAqtM9O121le6bbOlgyV+NyGyCmVfJ6QW9eRjz8CpNfWEOYBIMIGRYkLwsIYg=="
    },
    "node_modules/rrweb": {
      "version": "2.0.0-alpha.4",
      "resolved": "https://registry.npmjs.org/rrweb/-/rrweb-2.0.0-alpha.4.tgz",
      "integrity": "sha512-wEHUILbxDPcNwkM3m4qgPgXAiBJyqCbbOHyVoNEVBJzHszWEFYyTbrZqUdeb1EfmTRC2PsumCIkVcomJ/xcOzA==",
      "dependencies": {
        "@rrweb/types": "^2.0.0-alpha.4",
        "@types/css-font-loading-module": "0.0.7",
        "@xstate/fsm": "^1.4.0",
        "base64-arraybuffer": "^1.0.1",
        "fflate": "^0.4.4",
        "mitt": "^3.0.0",
        "rrdom": "^0.1.7",
        "rrweb-snapshot": "^2.0.0-alpha.4"
      }
    },
    "node_modules/rrweb-snapshot": {
      "version": "2.0.0-alpha.6",
      "resolved": "https://registry.npmjs.org/rrweb-snapshot/-/rrweb-snapshot-2.0.0-alpha.6.tgz",
      "integrity": "sha512-mTeIZn8a6crtHigyO+cSENuKq68ayEdSZJAybkWWVjJQOvDY9EHaqhc8jWXpNkPVcc8M5T8ORc/RXsc52osYHQ=="
    }
  },
  "dependencies": {
    "@rrweb/types": {
      "version": "2.0.0-alpha.6",
      "resolved": "https://registry.npmjs.org/@rrweb/types/-/types-2.0.0-alpha.6.tgz",
      "integrity": "sha512-c7Adw44pNkNsE9wkBPrONaLS9fq2WtWAMFks9+6SjOLaRv+d6Iu7/6RNBokESHQkvaj1fZ8nPqxT9GjfQ5TMyQ==",
      "requires": {
        "rrweb-snapshot": "^2.0.0-alpha.6"
      }
    },
    "@types/css-font-loading-module": {
      "version": "0.0.7",
      "resolved": "https://registry.npmjs.org/@types/css-font-loading-module/-/css-font-loading-module-0.0.7.tgz",
      "integrity": "sha512-nl09VhutdjINdWyXxHWN/w9zlNCfr60JUqJbd24YXUuCwgeL0TpFSdElCwb6cxfB6ybE19Gjj4g0jsgkXxKv1Q=="
    },
    "@xstate/fsm": {
      "version": "1.6.5",
      "resolved": "https://registry.npmjs.org/@xstate/fsm/-/fsm-1.6.5.tgz",
      "integrity": "sha512-b5o1I6aLNeYlU/3CPlj/Z91ybk1gUsKT+5NAJI+2W4UjvS5KLG28K9v5UvNoFVjHV8PajVZ00RH3vnjyQO7ZAw=="
    },
    "base64-arraybuffer": {
      "version": "1.0.2",
      "resolved": "https://registry.npmjs.org/base64-arraybuffer/-/base64-arraybuffer-1.0.2.tgz",
      "integrity": "sha512-I3yl4r9QB5ZRY3XuJVEPfc2XhZO6YweFPI+UovAzn+8/hb3oJ6lnysaFcjVpkCPfVWFUDvoZ8kmVDP7WyRtYtQ=="
    },
    "cssom": {
      "version": "0.5.0",
      "resolved": "https://registry.npmjs.org/cssom/-/cssom-0.5.0.tgz",
      "integrity": "sha512-iKuQcq+NdHqlAcwUY0o/HL69XQrUaQdMjmStJ8JFmUaiiQErlhrmuigkg/CU4E2J0IyUKUrMAgl36TvN67MqTw=="
    },
    "fflate": {
      "version": "0.4.8",
      "resolved": "https://registry.npmjs.org/fflate/-/fflate-0.4.8.tgz",
      "integrity": "sha512-FJqqoDBR00Mdj9ppamLa/Y7vxm+PRmNWA67N846RvsoYVMKB4q3y/de5PA7gUmRMYK/8CMz2GDZQmCRN1wBcWA=="
    },
    "mitt": {
      "version": "3.0.0",
      "resolved": "https://registry.npmjs.org/mitt/-/mitt-3.0.0.tgz",
      "integrity": "sha512-7dX2/10ITVyqh4aOSVI9gdape+t9l2/8QxHrFmUXu4EEUpdlxl6RudZUPZoc+zuY2hk1j7XxVroIVIan/pD/SQ=="
    },
    "nwsapi": {
      "version": "2.2.2",
      "resolved": "https://registry.npmjs.org/nwsapi/-/nwsapi-2.2.2.tgz",
      "integrity": "sha512-90yv+6538zuvUMnN+zCr8LuV6bPFdq50304114vJYJ8RDyK8D5O9Phpbd6SZWgI7PwzmmfN1upeOJlvybDSgCw=="
    },
    "rrdom": {
      "version": "0.1.7",
      "resolved": "https://registry.npmjs.org/rrdom/-/rrdom-0.1.7.tgz",
      "integrity": "sha512-ZLd8f14z9pUy2Hk9y636cNv5Y2BMnNEY99wxzW9tD2BLDfe1xFxtLjB4q/xCBYo6HRe0wofzKzjm4JojmpBfFw==",
      "requires": {
        "rrweb-snapshot": "^2.0.0-alpha.4"
      }
    },
    "rrdom-nodejs": {
      "version": "0.1.7",
      "resolved": "https://registry.npmjs.org/rrdom-nodejs/-/rrdom-nodejs-0.1.7.tgz",
      "integrity": "sha512-KXc7PjV/ZtPYt/Ww5tz0TPl5xwf3hfgcmKVJbitEtrarBS6gEFQ3Ep0hXgqdptpRgQSLogGxMXKb5Qlag2iU4w==",
      "requires": {
        "cssom": "^0.5.0",
        "cssstyle": "^2.3.0",
        "nwsapi": "^2.2.0",
        "rrdom": "^0.1.7",
        "rrweb-snapshot": "^2.0.0-alpha.4"
      },
      "dependencies": {
        "cssstyle": {
          "version": "2.3.0",
          "resolved": "https://registry.npmjs.org/cssstyle/-/cssstyle-2.3.0.tgz",
          "integrity": "sha512-AZL67abkUzIuvcHqk7c09cezpGNcxUxU4Ioi/05xHk4DQeTkWmGYftIE6ctU6AEt+Gn4n1lDStOtj7FKycP71A==",
          "requires": {
            "cssom": "~0.3.6"
          },
          "dependencies": {
            "cssom": {
              "version": "0.3.8",
              "resolved": "https://registry.npmjs.org/cssom/-/cssom-0.3.8.tgz",
              "integrity": "sha512-b0tGHbfegbhPJpxpiBPU2sCkigAqtM9O121le6bbOlgyV+NyGyCmVfJ6QW9eRjz8CpNfWEOYBIMIGRYkLwsIYg=="
            }
          }
        }
      }
    },
    "rrweb": {
      "version": "2.0.0-alpha.4",
      "resolved": "https://registry.npmjs.org/rrweb/-/rrweb-2.0.0-alpha.4.tgz",
      "integrity": "sha512-wEHUILbxDPcNwkM3m4qgPgXAiBJyqCbbOHyVoNEVBJzHszWEFYyTbrZqUdeb1EfmTRC2PsumCIkVcomJ/xcOzA==",
      "requires": {
        "@rrweb/types": "^2.0.0-alpha.4",
        "@types/css-font-loading-module": "0.0.7",
        "@xstate/fsm": "^1.4.0",
        "base64-arraybuffer": "^1.0.1",
        "fflate": "^0.4.4",
        "mitt": "^3.0.0",
        "rrdom": "^0.1.7",
        "rrweb-snapshot": "^2.0.0-alpha.4"
      }
    },
    "rrweb-snapshot": {
      "version": "2.0.0-alpha.6",
      "resolved": "https://registry.npmjs.org/rrweb-snapshot/-/rrweb-snapshot-2.0.0-alpha.6.tgz",
      "integrity": "sha512-mTeIZn8a6crtHigyO+cSENuKq68ayEdSZJAybkWWVjJQOvDY9EHaqhc8jWXpNkPVcc8M5T8ORc/RXsc52osYHQ=="
    }
  }
}
