{
  "name": "open-action-data-recorder",
  "version": "1.0.0",
  "lockfileVersion": 2,
  "requires": true,
  "packages": {
    "": {
      "name": "open-action-data-recorder",
      "version": "1.0.0",
      "license": "MIT",
      "dependencies": {
        "rrweb": "^2.0.0-alpha.3"
      },
      "devDependencies": {
        "@types/chrome": "^0.0.200",
        "typescript": "^4.8.4"
      }
    },
    "node_modules/@types/chrome": {
      "version": "0.0.200",
      "resolved": "https://registry.npmjs.org/@types/chrome/-/chrome-0.0.200.tgz",
      "integrity": "sha512-oNT2/KHgZECTzj4oavLc20r3D2yFufLwGNaLFAN8YxYyNVJGenX3l3oGBynhoT/Azm3eAfyDynrdca6jB7CNzw==",
      "dev": true,
      "dependencies": {
        "@types/filesystem": "*",
        "@types/har-format": "*"
      }
    },
    "node_modules/@types/css-font-loading-module": {
      "version": "0.0.7",
      "resolved": "https://registry.npmjs.org/@types/css-font-loading-module/-/css-font-loading-module-0.0.7.tgz",
      "integrity": "sha512-nl09VhutdjINdWyXxHWN/w9zlNCfr60JUqJbd24YXUuCwgeL0TpFSdElCwb6cxfB6ybE19Gjj4g0jsgkXxKv1Q=="
    },
    "node_modules/@types/filesystem": {
      "version": "0.0.32",
      "resolved": "https://registry.npmjs.org/@types/filesystem/-/filesystem-0.0.32.tgz",
      "integrity": "sha512-Yuf4jR5YYMR2DVgwuCiP11s0xuVRyPKmz8vo6HBY3CGdeMj8af93CFZX+T82+VD1+UqHOxTq31lO7MI7lepBtQ==",
      "dev": true,
      "dependencies": {
        "@types/filewriter": "*"
      }
    },
    "node_modules/@types/filewriter": {
      "version": "0.0.29",
      "resolved": "https://registry.npmjs.org/@types/filewriter/-/filewriter-0.0.29.tgz",
      "integrity": "sha512-BsPXH/irW0ht0Ji6iw/jJaK8Lj3FJemon2gvEqHKpCdDCeemHa+rI3WBGq5z7cDMZgoLjY40oninGxqk+8NzNQ==",
      "dev": true
    },
    "node_modules/@types/har-format": {
      "version": "1.2.9",
      "resolved": "https://registry.npmjs.org/@types/har-format/-/har-format-1.2.9.tgz",
      "integrity": "sha512-rffW6MhQ9yoa75bdNi+rjZBAvu2HhehWJXlhuWXnWdENeuKe82wUgAwxYOb7KRKKmxYN+D/iRKd2NDQMLqlUmg==",
      "dev": true
    },
    "node_modules/@xstate/fsm": {
      "version": "1.6.5",
      "resolved": "https://registry.npmjs.org/@xstate/fsm/-/fsm-1.6.5.tgz",
      "integrity": "sha512-b5o1I6aLNeYlU/3CPlj/Z91ybk1gUsKT+5NAJI+2W4UjvS5KLG28K9v5UvNoFVjHV8PajVZ00RH3vnjyQO7ZAw=="
    },
    "node_modules/base64-arraybuffer": {
      "version": "1.0.2",
      "resolved": "https://registry.npmjs.org/base64-arraybuffer/-/base64-arraybuffer-1.0.2.tgz",
      "integrity": "sha512-I3yl4r9QB5ZRY3XuJVEPfc2XhZO6YweFPI+UovAzn+8/hb3oJ6lnysaFcjVpkCPfVWFUDvoZ8kmVDP7WyRtYtQ==",
      "engines": {
        "node": ">= 0.6.0"
      }
    },
    "node_modules/fflate": {
      "version": "0.4.8",
      "resolved": "https://registry.npmjs.org/fflate/-/fflate-0.4.8.tgz",
      "integrity": "sha512-FJqqoDBR00Mdj9ppamLa/Y7vxm+PRmNWA67N846RvsoYVMKB4q3y/de5PA7gUmRMYK/8CMz2GDZQmCRN1wBcWA=="
    },
    "node_modules/mitt": {
      "version": "3.0.0",
      "resolved": "https://registry.npmjs.org/mitt/-/mitt-3.0.0.tgz",
      "integrity": "sha512-7dX2/10ITVyqh4aOSVI9gdape+t9l2/8QxHrFmUXu4EEUpdlxl6RudZUPZoc+zuY2hk1j7XxVroIVIan/pD/SQ=="
    },
    "node_modules/rrdom": {
      "version": "0.1.6",
      "resolved": "https://registry.npmjs.org/rrdom/-/rrdom-0.1.6.tgz",
      "integrity": "sha512-TVI5WNypZuXARFhNbCH9QoN+p5YAIuL2c6SWthsbuRB9PBX1Jprd5eXkp/kY7S7576Qbe+96LqkSncrGsEehjQ==",
      "dependencies": {
        "rrweb-snapshot": "^2.0.0-alpha.3"
      }
    },
    "node_modules/rrweb": {
      "version": "2.0.0-alpha.3",
      "resolved": "https://registry.npmjs.org/rrweb/-/rrweb-2.0.0-alpha.3.tgz",
      "integrity": "sha512-3Po/lUNWfCxlN46qTfrNFi2Bgh0aYbHcnbZ2+Omzg88TyOrTWuLsQIOvi6HQgCDcTv8LOiAyNL0zGPg1f85Ftg==",
      "dependencies": {
        "@types/css-font-loading-module": "0.0.7",
        "@xstate/fsm": "^1.4.0",
        "base64-arraybuffer": "^1.0.1",
        "fflate": "^0.4.4",
        "mitt": "^3.0.0",
        "rrdom": "^0.1.6",
        "rrweb-snapshot": "^2.0.0-alpha.3"
      }
    },
    "node_modules/rrweb-snapshot": {
      "version": "2.0.0-alpha.3",
      "resolved": "https://registry.npmjs.org/rrweb-snapshot/-/rrweb-snapshot-2.0.0-alpha.3.tgz",
      "integrity": "sha512-r3gUKXHpZ8qoAow4ZlM/vm5/uBKjJoC9QSLoIJLY7pg0X7ZtVJqdYMqsH21rQoTrhCqKHzU9enYgwI0/7OFvpg=="
    },
    "node_modules/typescript": {
      "version": "4.8.4",
      "resolved": "https://registry.npmjs.org/typescript/-/typescript-4.8.4.tgz",
      "integrity": "sha512-QCh+85mCy+h0IGff8r5XWzOVSbBO+KfeYrMQh7NJ58QujwcE22u+NUSmUxqF+un70P9GXKxa2HCNiTTMJknyjQ==",
      "dev": true,
      "bin": {
        "tsc": "bin/tsc",
        "tsserver": "bin/tsserver"
      },
      "engines": {
        "node": ">=4.2.0"
      }
    }
  },
  "dependencies": {
    "@types/chrome": {
      "version": "0.0.200",
      "resolved": "https://registry.npmjs.org/@types/chrome/-/chrome-0.0.200.tgz",
      "integrity": "sha512-oNT2/KHgZECTzj4oavLc20r3D2yFufLwGNaLFAN8YxYyNVJGenX3l3oGBynhoT/Azm3eAfyDynrdca6jB7CNzw==",
      "dev": true,
      "requires": {
        "@types/filesystem": "*",
        "@types/har-format": "*"
      }
    },
    "@types/css-font-loading-module": {
      "version": "0.0.7",
      "resolved": "https://registry.npmjs.org/@types/css-font-loading-module/-/css-font-loading-module-0.0.7.tgz",
      "integrity": "sha512-nl09VhutdjINdWyXxHWN/w9zlNCfr60JUqJbd24YXUuCwgeL0TpFSdElCwb6cxfB6ybE19Gjj4g0jsgkXxKv1Q=="
    },
    "@types/filesystem": {
      "version": "0.0.32",
      "resolved": "https://registry.npmjs.org/@types/filesystem/-/filesystem-0.0.32.tgz",
      "integrity": "sha512-Yuf4jR5YYMR2DVgwuCiP11s0xuVRyPKmz8vo6HBY3CGdeMj8af93CFZX+T82+VD1+UqHOxTq31lO7MI7lepBtQ==",
      "dev": true,
      "requires": {
        "@types/filewriter": "*"
      }
    },
    "@types/filewriter": {
      "version": "0.0.29",
      "resolved": "https://registry.npmjs.org/@types/filewriter/-/filewriter-0.0.29.tgz",
      "integrity": "sha512-BsPXH/irW0ht0Ji6iw/jJaK8Lj3FJemon2gvEqHKpCdDCeemHa+rI3WBGq5z7cDMZgoLjY40oninGxqk+8NzNQ==",
      "dev": true
    },
    "@types/har-format": {
      "version": "1.2.9",
      "resolved": "https://registry.npmjs.org/@types/har-format/-/har-format-1.2.9.tgz",
      "integrity": "sha512-rffW6MhQ9yoa75bdNi+rjZBAvu2HhehWJXlhuWXnWdENeuKe82wUgAwxYOb7KRKKmxYN+D/iRKd2NDQMLqlUmg==",
      "dev": true
    },
    "@xstate/fsm": {
      "version": "1.6.5",
      "resolved": "https://registry.npmjs.org/@xstate/fsm/-/fsm-1.6.5.tgz",
      "integrity": "sha512-b5o1I6aLNeYlU/3CPlj/Z91ybk1gUsKT+5NAJI+2W4UjvS5KLG28K9v5UvNoFVjHV8PajVZ00RH3vnjyQO7ZAw=="
    },
    "base64-arraybuffer": {
      "version": "1.0.2",
      "resolved": "https://registry.npmjs.org/base64-arraybuffer/-/base64-arraybuffer-1.0.2.tgz",
      "integrity": "sha512-I3yl4r9QB5ZRY3XuJVEPfc2XhZO6YweFPI+UovAzn+8/hb3oJ6lnysaFcjVpkCPfVWFUDvoZ8kmVDP7WyRtYtQ=="
    },
    "fflate": {
      "version": "0.4.8",
      "resolved": "https://registry.npmjs.org/fflate/-/fflate-0.4.8.tgz",
      "integrity": "sha512-FJqqoDBR00Mdj9ppamLa/Y7vxm+PRmNWA67N846RvsoYVMKB4q3y/de5PA7gUmRMYK/8CMz2GDZQmCRN1wBcWA=="
    },
    "mitt": {
      "version": "3.0.0",
      "resolved": "https://registry.npmjs.org/mitt/-/mitt-3.0.0.tgz",
      "integrity": "sha512-7dX2/10ITVyqh4aOSVI9gdape+t9l2/8QxHrFmUXu4EEUpdlxl6RudZUPZoc+zuY2hk1j7XxVroIVIan/pD/SQ=="
    },
    "rrdom": {
      "version": "0.1.6",
      "resolved": "https://registry.npmjs.org/rrdom/-/rrdom-0.1.6.tgz",
      "integrity": "sha512-TVI5WNypZuXARFhNbCH9QoN+p5YAIuL2c6SWthsbuRB9PBX1Jprd5eXkp/kY7S7576Qbe+96LqkSncrGsEehjQ==",
      "requires": {
        "rrweb-snapshot": "^2.0.0-alpha.3"
      }
    },
    "rrweb": {
      "version": "2.0.0-alpha.3",
      "resolved": "https://registry.npmjs.org/rrweb/-/rrweb-2.0.0-alpha.3.tgz",
      "integrity": "sha512-3Po/lUNWfCxlN46qTfrNFi2Bgh0aYbHcnbZ2+Omzg88TyOrTWuLsQIOvi6HQgCDcTv8LOiAyNL0zGPg1f85Ftg==",
      "requires": {
        "@types/css-font-loading-module": "0.0.7",
        "@xstate/fsm": "^1.4.0",
        "base64-arraybuffer": "^1.0.1",
        "fflate": "^0.4.4",
        "mitt": "^3.0.0",
        "rrdom": "^0.1.6",
        "rrweb-snapshot": "^2.0.0-alpha.3"
      }
    },
    "rrweb-snapshot": {
      "version": "2.0.0-alpha.3",
      "resolved": "https://registry.npmjs.org/rrweb-snapshot/-/rrweb-snapshot-2.0.0-alpha.3.tgz",
      "integrity": "sha512-r3gUKXHpZ8qoAow4ZlM/vm5/uBKjJoC9QSLoIJLY7pg0X7ZtVJqdYMqsH21rQoTrhCqKHzU9enYgwI0/7OFvpg=="
    },
    "typescript": {
      "version": "4.8.4",
      "resolved": "https://registry.npmjs.org/typescript/-/typescript-4.8.4.tgz",
      "integrity": "sha512-QCh+85mCy+h0IGff8r5XWzOVSbBO+KfeYrMQh7NJ58QujwcE22u+NUSmUxqF+un70P9GXKxa2HCNiTTMJknyjQ==",
      "dev": true
    }
  }
}
